<?xml version="1.0" encoding="utf-8"?>
<Project ToolsVersion="4.0" xmlns="http://schemas.microsoft.com/developer/msbuild/2003">
  <ItemGroup>
    <Filter Include="Source Files">
      <UniqueIdentifier>{4FC737F1-C7A5-4376-A066-2A32D752A2FF}</UniqueIdentifier>
      <Extensions>cpp;c;cc;cxx;c++;cppm;ixx;def;odl;idl;hpj;bat;asm;asmx</Extensions>
    </Filter>
    <Filter Include="Header Files">
      <UniqueIdentifier>{93995380-89BD-4b04-88EB-625FBE52EBFB}</UniqueIdentifier>
      <Extensions>h;hh;hpp;hxx;h++;hm;inl;inc;ipp;xsd</Extensions>
    </Filter>
    <Filter Include="Resource Files">
      <UniqueIdentifier>{67DA6AB6-F800-4c08-8B7A-83BB121AAD01}</UniqueIdentifier>
      <Extensions>rc;ico;cur;bmp;dlg;rc2;rct;bin;rgs;gif;jpg;jpeg;jpe;resx;tiff;tif;png;wav;mfcribbon-ms</Extensions>
    </Filter>
    <Filter Include="Header Files\Animlas">
      <UniqueIdentifier>{be30e036-855d-4182-b9c0-65a297127988}</UniqueIdentifier>
    </Filter>
    <Filter Include="Source Files\Animals">
      <UniqueIdentifier>{cff8fbab-6476-49ef-9067-4d1b795f8568}</UniqueIdentifier>
    </Filter>
    <Filter Include="Source Files\Plants">
      <UniqueIdentifier>{379c6886-ef3c-41e5-9c1e-7a457ed11eda}</UniqueIdentifier>
    </Filter>
    <Filter Include="Header Files\Plants">
      <UniqueIdentifier>{e08bbf91-413c-4f6b-8119-00d5c043e8ed}</UniqueIdentifier>
    </Filter>
  </ItemGroup>
  <ItemGroup>
    <ClCompile Include="LabolatoriumOtwarte1.cpp">
      <Filter>Source Files</Filter>
    </ClCompile>
    <ClCompile Include="World.cpp">
      <Filter>Source Files</Filter>
    </ClCompile>
    <ClCompile Include="Organism.cpp">
      <Filter>Source Files</Filter>
    </ClCompile>
    <ClCompile Include="Animal.cpp">
      <Filter>Source Files\Animals</Filter>
    </ClCompile>
    <ClCompile Include="Fox.cpp">
      <Filter>Source Files\Animals</Filter>
    </ClCompile>
    <ClCompile Include="Fruit_Bush.cpp">
      <Filter>Source Files\Plants</Filter>
    </ClCompile>
    <ClCompile Include="Plant.cpp">
      <Filter>Source Files\Plants</Filter>
    </ClCompile>
    <ClCompile Include="Wolf.cpp">
      <Filter>Source Files\Animals</Filter>
    </ClCompile>
    <ClCompile Include="Sheep.cpp">
      <Filter>Source Files\Animals</Filter>
    </ClCompile>
    <ClCompile Include="Grass.cpp">
      <Filter>Source Files\Plants</Filter>
    </ClCompile>
    <ClCompile Include="Snali.cpp">
      <Filter>Source Files\Animals</Filter>
    </ClCompile>
    <ClCompile Include="Tree.cpp">
      <Filter>Source Files\Plants</Filter>
    </ClCompile>
    <ClCompile Include="Beaver.cpp">
      <Filter>Source Files\Animals</Filter>
    </ClCompile>
  </ItemGroup>
  <ItemGroup>
    <ClInclude Include="World.h">
      <Filter>Header Files</Filter>
    </ClInclude>
    <ClInclude Include="Organism.h">
      <Filter>Header Files</Filter>
    </ClInclude>
    <ClInclude Include="Fox.h">
      <Filter>Header Files\Animlas</Filter>
    </ClInclude>
    <ClInclude Include="Animal.h">
      <Filter>Header Files\Animlas</Filter>
    </ClInclude>
    <ClInclude Include="Plant.h">
      <Filter>Header Files\Plants</Filter>
    </ClInclude>
    <ClInclude Include="Fruit_Bush.h">
      <Filter>Header Files\Plants</Filter>
    </ClInclude>
    <ClInclude Include="Wolf.h">
      <Filter>Header Files\Animlas</Filter>
    </ClInclude>
    <ClInclude Include="Sheep.h">
      <Filter>Header Files\Animlas</Filter>
    </ClInclude>
    <ClInclude Include="Grass.h">
      <Filter>Header Files\Plants</Filter>
    </ClInclude>
    <ClInclude Include="Snali.h">
      <Filter>Header Files\Animlas</Filter>
    </ClInclude>
    <ClInclude Include="Tree.h">
      <Filter>Header Files\Plants</Filter>
    </ClInclude>
    <ClInclude Include="Beaver.h">
      <Filter>Header Files\Animlas</Filter>
    </ClInclude>
  </ItemGroup>
</Project>